
Microsoft Visual Studio Solution File, Format Version 12.00
# Visual Studio 15
VisualStudioVersion = 15.0.28307.1145
MinimumVisualStudioVersion = 10.0.40219.1
Project("{FAE04EC0-301F-11D3-BF4B-00C04F79EFBC}") = "snipper5", "snipper5\snipper5.csproj", "{908517EC-E333-41FA-9F8E-82D89800BBF3}"
EndProject
Global
	GlobalSection(SolutionConfigurationPlatforms) = preSolution
		Debug|Any CPU = Debug|Any CPU
		Release|Any CPU = Release|Any CPU
	EndGlobalSection
	GlobalSection(ProjectConfigurationPlatforms) = postSolution
		{908517EC-E333-41FA-9F8E-82D89800BBF3}.Debug|Any CPU.ActiveCfg = Debug|Any CPU
		{908517EC-E333-41FA-9F8E-82D89800BBF3}.Debug|Any CPU.Build.0 = Debug|Any CPU
		{908517EC-E333-41FA-9F8E-82D89800BBF3}.Release|Any CPU.ActiveCfg = Release|Any CPU
		{908517EC-E333-41FA-9F8E-82D89800BBF3}.Release|Any CPU.Build.0 = Release|Any CPU
	EndGlobalSection
	GlobalSection(SolutionProperties) = preSolution
		HideSolutionNode = FALSE
	EndGlobalSection
	GlobalSection(ExtensibilityGlobals) = postSolution
		SolutionGuid = {FB1F6E85-AEAF-4E28-A914-56540260E4ED}
	EndGlobalSection
EndGlobal
