
Microsoft Visual Studio Solution File, Format Version 12.00
# Visual Studio 15
VisualStudioVersion = 15.0.28307.1145
MinimumVisualStudioVersion = 10.0.40219.1
Project("{FAE04EC0-301F-11D3-BF4B-00C04F79EFBC}") = "snipper12", "snipper12\snipper12.csproj", "{F881A1CE-9541-4161-8A67-E8315727E8E7}"
EndProject
Global
	GlobalSection(SolutionConfigurationPlatforms) = preSolution
		Debug|Any CPU = Debug|Any CPU
		Release|Any CPU = Release|Any CPU
	EndGlobalSection
	GlobalSection(ProjectConfigurationPlatforms) = postSolution
		{F881A1CE-9541-4161-8A67-E8315727E8E7}.Debug|Any CPU.ActiveCfg = Debug|Any CPU
		{F881A1CE-9541-4161-8A67-E8315727E8E7}.Debug|Any CPU.Build.0 = Debug|Any CPU
		{F881A1CE-9541-4161-8A67-E8315727E8E7}.Release|Any CPU.ActiveCfg = Release|Any CPU
		{F881A1CE-9541-4161-8A67-E8315727E8E7}.Release|Any CPU.Build.0 = Release|Any CPU
	EndGlobalSection
	GlobalSection(SolutionProperties) = preSolution
		HideSolutionNode = FALSE
	EndGlobalSection
	GlobalSection(ExtensibilityGlobals) = postSolution
		SolutionGuid = {48F42D78-5F13-49A6-8358-028A869A53B1}
	EndGlobalSection
EndGlobal
