
Microsoft Visual Studio Solution File, Format Version 12.00
# Visual Studio 15
VisualStudioVersion = 15.0.28307.1145
MinimumVisualStudioVersion = 10.0.40219.1
Project("{FAE04EC0-301F-11D3-BF4B-00C04F79EFBC}") = "snipper13", "snipper13\snipper13.csproj", "{734F160B-7349-4CAA-9838-22A2DCDDF99B}"
EndProject
Global
	GlobalSection(SolutionConfigurationPlatforms) = preSolution
		Debug|Any CPU = Debug|Any CPU
		Release|Any CPU = Release|Any CPU
	EndGlobalSection
	GlobalSection(ProjectConfigurationPlatforms) = postSolution
		{734F160B-7349-4CAA-9838-22A2DCDDF99B}.Debug|Any CPU.ActiveCfg = Debug|Any CPU
		{734F160B-7349-4CAA-9838-22A2DCDDF99B}.Debug|Any CPU.Build.0 = Debug|Any CPU
		{734F160B-7349-4CAA-9838-22A2DCDDF99B}.Release|Any CPU.ActiveCfg = Release|Any CPU
		{734F160B-7349-4CAA-9838-22A2DCDDF99B}.Release|Any CPU.Build.0 = Release|Any CPU
	EndGlobalSection
	GlobalSection(SolutionProperties) = preSolution
		HideSolutionNode = FALSE
	EndGlobalSection
	GlobalSection(ExtensibilityGlobals) = postSolution
		SolutionGuid = {F7EEB989-2E05-45F4-A331-D99349328920}
	EndGlobalSection
EndGlobal
