
Microsoft Visual Studio Solution File, Format Version 12.00
# Visual Studio 15
VisualStudioVersion = 15.0.28307.1145
MinimumVisualStudioVersion = 10.0.40219.1
Project("{FAE04EC0-301F-11D3-BF4B-00C04F79EFBC}") = "snipper16", "snipper16\snipper16.csproj", "{ECB354EA-6EB9-4E2C-A5FF-182AFC1961A6}"
EndProject
Global
	GlobalSection(SolutionConfigurationPlatforms) = preSolution
		Debug|Any CPU = Debug|Any CPU
		Release|Any CPU = Release|Any CPU
	EndGlobalSection
	GlobalSection(ProjectConfigurationPlatforms) = postSolution
		{ECB354EA-6EB9-4E2C-A5FF-182AFC1961A6}.Debug|Any CPU.ActiveCfg = Debug|Any CPU
		{ECB354EA-6EB9-4E2C-A5FF-182AFC1961A6}.Debug|Any CPU.Build.0 = Debug|Any CPU
		{ECB354EA-6EB9-4E2C-A5FF-182AFC1961A6}.Release|Any CPU.ActiveCfg = Release|Any CPU
		{ECB354EA-6EB9-4E2C-A5FF-182AFC1961A6}.Release|Any CPU.Build.0 = Release|Any CPU
	EndGlobalSection
	GlobalSection(SolutionProperties) = preSolution
		HideSolutionNode = FALSE
	EndGlobalSection
	GlobalSection(ExtensibilityGlobals) = postSolution
		SolutionGuid = {98E12A67-793B-4D94-A934-6F758EA0498D}
	EndGlobalSection
EndGlobal
