
Microsoft Visual Studio Solution File, Format Version 12.00
# Visual Studio 15
VisualStudioVersion = 15.0.28307.1145
MinimumVisualStudioVersion = 10.0.40219.1
Project("{FAE04EC0-301F-11D3-BF4B-00C04F79EFBC}") = "snipper19", "snipper19\snipper19.csproj", "{C583479A-66BE-4206-BC45-25DA9D9B552B}"
EndProject
Global
	GlobalSection(SolutionConfigurationPlatforms) = preSolution
		Debug|Any CPU = Debug|Any CPU
		Release|Any CPU = Release|Any CPU
	EndGlobalSection
	GlobalSection(ProjectConfigurationPlatforms) = postSolution
		{C583479A-66BE-4206-BC45-25DA9D9B552B}.Debug|Any CPU.ActiveCfg = Debug|Any CPU
		{C583479A-66BE-4206-BC45-25DA9D9B552B}.Debug|Any CPU.Build.0 = Debug|Any CPU
		{C583479A-66BE-4206-BC45-25DA9D9B552B}.Release|Any CPU.ActiveCfg = Release|Any CPU
		{C583479A-66BE-4206-BC45-25DA9D9B552B}.Release|Any CPU.Build.0 = Release|Any CPU
	EndGlobalSection
	GlobalSection(SolutionProperties) = preSolution
		HideSolutionNode = FALSE
	EndGlobalSection
	GlobalSection(ExtensibilityGlobals) = postSolution
		SolutionGuid = {FDC5EE94-6DBE-4118-8D6C-C05BE841CF68}
	EndGlobalSection
EndGlobal
