
Microsoft Visual Studio Solution File, Format Version 12.00
# Visual Studio 15
VisualStudioVersion = 15.0.28307.1145
MinimumVisualStudioVersion = 10.0.40219.1
Project("{FAE04EC0-301F-11D3-BF4B-00C04F79EFBC}") = "snipper7", "snipper7\snipper7.csproj", "{CE5712D7-D8B4-4EB2-A22E-BDE53A1B98CE}"
EndProject
Global
	GlobalSection(SolutionConfigurationPlatforms) = preSolution
		Debug|Any CPU = Debug|Any CPU
		Release|Any CPU = Release|Any CPU
	EndGlobalSection
	GlobalSection(ProjectConfigurationPlatforms) = postSolution
		{CE5712D7-D8B4-4EB2-A22E-BDE53A1B98CE}.Debug|Any CPU.ActiveCfg = Debug|Any CPU
		{CE5712D7-D8B4-4EB2-A22E-BDE53A1B98CE}.Debug|Any CPU.Build.0 = Debug|Any CPU
		{CE5712D7-D8B4-4EB2-A22E-BDE53A1B98CE}.Release|Any CPU.ActiveCfg = Release|Any CPU
		{CE5712D7-D8B4-4EB2-A22E-BDE53A1B98CE}.Release|Any CPU.Build.0 = Release|Any CPU
	EndGlobalSection
	GlobalSection(SolutionProperties) = preSolution
		HideSolutionNode = FALSE
	EndGlobalSection
	GlobalSection(ExtensibilityGlobals) = postSolution
		SolutionGuid = {C7A88DCF-899F-4D4A-A5FC-4494A116F007}
	EndGlobalSection
EndGlobal
